
Microsoft Visual Studio Solution File, Format Version 12.00
# Visual Studio 2013
VisualStudioVersion = 12.0.31101.0
MinimumVisualStudioVersion = 10.0.40219.1
Project("{FAE04EC0-301F-11D3-BF4B-00C04F79EFBC}") = "Mars_2016_Interpreter", "Mars_2016_Interpreter\Mars_2016_Interpreter.csproj", "{BB1C6179-2369-4DA6-9AF6-927C39067BEF}"
EndProject
Global
	GlobalSection(SolutionConfigurationPlatforms) = preSolution
		Debug|Any CPU = Debug|Any CPU
		Release|Any CPU = Release|Any CPU
	EndGlobalSection
	GlobalSection(ProjectConfigurationPlatforms) = postSolution
		{BB1C6179-2369-4DA6-9AF6-927C39067BEF}.Debug|Any CPU.ActiveCfg = Debug|Any CPU
		{BB1C6179-2369-4DA6-9AF6-927C39067BEF}.Debug|Any CPU.Build.0 = Debug|Any CPU
		{BB1C6179-2369-4DA6-9AF6-927C39067BEF}.Release|Any CPU.ActiveCfg = Release|Any CPU
		{BB1C6179-2369-4DA6-9AF6-927C39067BEF}.Release|Any CPU.Build.0 = Release|Any CPU
	EndGlobalSection
	GlobalSection(SolutionProperties) = preSolution
		HideSolutionNode = FALSE
	EndGlobalSection
EndGlobal
